<Solution>
  <Configurations>
    <Platform Name="Any CPU" />
    <Platform Name="arm64" />
    <Platform Name="x86" />
  </Configurations>
  <Project Path="FishpiVS2026Plugin/FishpiVS2026Plugin.csproj" Id="0afd86bc-f89c-4c7a-a8d6-197e9023a761">
    <Platform Solution="*|arm64" Project="arm64" />
    <Platform Solution="*|x86" Project="x86" />
  </Project>
</Solution>
